
Microsoft Visual Studio Solution File, Format Version 12.00
# Visual Studio 14
VisualStudioVersion = 14.0.25420.1
MinimumVisualStudioVersion = 10.0.40219.1
Project("{FAE04EC0-301F-11D3-BF4B-00C04F79EFBC}") = "Square-Area", "Square-Area\Square-Area.csproj", "{F4E569EB-C6ED-45E3-AFE4-4838FD9CD1F1}"
EndProject
Project("{FAE04EC0-301F-11D3-BF4B-00C04F79EFBC}") = "Inches-to-Centimeters", "Inches-to-Centimeters\Inches-to-Centimeters.csproj", "{E18B725D-7DEF-4AD3-944D-6283994B6D60}"
EndProject
Project("{FAE04EC0-301F-11D3-BF4B-00C04F79EFBC}") = "Greetings", "Greetings\Greetings.csproj", "{ACDDC418-16C3-4EB8-AFC0-D5C4BF73E2FF}"
EndProject
Project("{FAE04EC0-301F-11D3-BF4B-00C04F79EFBC}") = "Concatenate-Data", "Concatenate-Data\Concatenate-Data.csproj", "{92DCED49-7510-4451-B464-C6027D171FEC}"
EndProject
Project("{FAE04EC0-301F-11D3-BF4B-00C04F79EFBC}") = "Trapezoid-Area", "Trapezoid-Area\Trapezoid-Area.csproj", "{F11E7337-DD29-49DF-8DDA-7669FD6F2B88}"
EndProject
Project("{FAE04EC0-301F-11D3-BF4B-00C04F79EFBC}") = "Circle-Area-and-Perimeter", "Circle Area and Perimeter\Circle-Area-and-Perimeter.csproj", "{52A04216-BCBD-442A-9181-9B232633D311}"
EndProject
Project("{FAE04EC0-301F-11D3-BF4B-00C04F79EFBC}") = "2D-Rectangle-Area", "2D-Rectangle-Area\2D-Rectangle-Area.csproj", "{CB794B30-3144-4E63-A5B4-A186993A45D0}"
EndProject
Project("{FAE04EC0-301F-11D3-BF4B-00C04F79EFBC}") = "Triangle-Area", "Triangle-Area\Triangle-Area.csproj", "{A9507E04-5673-46C1-844E-1761D08D2E98}"
EndProject
Project("{FAE04EC0-301F-11D3-BF4B-00C04F79EFBC}") = "Celsius-to-Fahrenheit", "Celsius-to-Fahrenheit\Celsius-to-Fahrenheit.csproj", "{D1B2B5B4-8A51-423F-BB0C-E8AF1F20D9F4}"
EndProject
Project("{FAE04EC0-301F-11D3-BF4B-00C04F79EFBC}") = "Radians-to-Degrees", "Radians-to-Degrees\Radians-to-Degrees.csproj", "{AB27FB5E-9A64-4A3D-92AB-430654B0CCC0}"
EndProject
Project("{FAE04EC0-301F-11D3-BF4B-00C04F79EFBC}") = "USD-to-BGN", "USD-to-BGN\USD-to-BGN.csproj", "{BF146603-ECF7-4247-82A5-DD28FB63F3F3}"
EndProject
Project("{FAE04EC0-301F-11D3-BF4B-00C04F79EFBC}") = "Currency-Converter", "Currency-Converter\Currency-Converter.csproj", "{46B26640-4682-429A-90B4-87ED87AE58FB}"
EndProject
Project("{FAE04EC0-301F-11D3-BF4B-00C04F79EFBC}") = "1000-Days-After-Birth", "1000-Days-After-Birth\1000-Days-After-Birth.csproj", "{15571AF8-87F0-4622-A5FA-722CDFEBE20A}"
EndProject
Global
	GlobalSection(SolutionConfigurationPlatforms) = preSolution
		Debug|Any CPU = Debug|Any CPU
		Release|Any CPU = Release|Any CPU
	EndGlobalSection
	GlobalSection(ProjectConfigurationPlatforms) = postSolution
		{F4E569EB-C6ED-45E3-AFE4-4838FD9CD1F1}.Debug|Any CPU.ActiveCfg = Debug|Any CPU
		{F4E569EB-C6ED-45E3-AFE4-4838FD9CD1F1}.Debug|Any CPU.Build.0 = Debug|Any CPU
		{F4E569EB-C6ED-45E3-AFE4-4838FD9CD1F1}.Release|Any CPU.ActiveCfg = Release|Any CPU
		{F4E569EB-C6ED-45E3-AFE4-4838FD9CD1F1}.Release|Any CPU.Build.0 = Release|Any CPU
		{E18B725D-7DEF-4AD3-944D-6283994B6D60}.Debug|Any CPU.ActiveCfg = Debug|Any CPU
		{E18B725D-7DEF-4AD3-944D-6283994B6D60}.Debug|Any CPU.Build.0 = Debug|Any CPU
		{E18B725D-7DEF-4AD3-944D-6283994B6D60}.Release|Any CPU.ActiveCfg = Release|Any CPU
		{E18B725D-7DEF-4AD3-944D-6283994B6D60}.Release|Any CPU.Build.0 = Release|Any CPU
		{ACDDC418-16C3-4EB8-AFC0-D5C4BF73E2FF}.Debug|Any CPU.ActiveCfg = Debug|Any CPU
		{ACDDC418-16C3-4EB8-AFC0-D5C4BF73E2FF}.Debug|Any CPU.Build.0 = Debug|Any CPU
		{ACDDC418-16C3-4EB8-AFC0-D5C4BF73E2FF}.Release|Any CPU.ActiveCfg = Release|Any CPU
		{ACDDC418-16C3-4EB8-AFC0-D5C4BF73E2FF}.Release|Any CPU.Build.0 = Release|Any CPU
		{92DCED49-7510-4451-B464-C6027D171FEC}.Debug|Any CPU.ActiveCfg = Debug|Any CPU
		{92DCED49-7510-4451-B464-C6027D171FEC}.Debug|Any CPU.Build.0 = Debug|Any CPU
		{92DCED49-7510-4451-B464-C6027D171FEC}.Release|Any CPU.ActiveCfg = Release|Any CPU
		{92DCED49-7510-4451-B464-C6027D171FEC}.Release|Any CPU.Build.0 = Release|Any CPU
		{F11E7337-DD29-49DF-8DDA-7669FD6F2B88}.Debug|Any CPU.ActiveCfg = Debug|Any CPU
		{F11E7337-DD29-49DF-8DDA-7669FD6F2B88}.Debug|Any CPU.Build.0 = Debug|Any CPU
		{F11E7337-DD29-49DF-8DDA-7669FD6F2B88}.Release|Any CPU.ActiveCfg = Release|Any CPU
		{F11E7337-DD29-49DF-8DDA-7669FD6F2B88}.Release|Any CPU.Build.0 = Release|Any CPU
		{52A04216-BCBD-442A-9181-9B232633D311}.Debug|Any CPU.ActiveCfg = Debug|Any CPU
		{52A04216-BCBD-442A-9181-9B232633D311}.Debug|Any CPU.Build.0 = Debug|Any CPU
		{52A04216-BCBD-442A-9181-9B232633D311}.Release|Any CPU.ActiveCfg = Release|Any CPU
		{52A04216-BCBD-442A-9181-9B232633D311}.Release|Any CPU.Build.0 = Release|Any CPU
		{CB794B30-3144-4E63-A5B4-A186993A45D0}.Debug|Any CPU.ActiveCfg = Debug|Any CPU
		{CB794B30-3144-4E63-A5B4-A186993A45D0}.Debug|Any CPU.Build.0 = Debug|Any CPU
		{CB794B30-3144-4E63-A5B4-A186993A45D0}.Release|Any CPU.ActiveCfg = Release|Any CPU
		{CB794B30-3144-4E63-A5B4-A186993A45D0}.Release|Any CPU.Build.0 = Release|Any CPU
		{A9507E04-5673-46C1-844E-1761D08D2E98}.Debug|Any CPU.ActiveCfg = Debug|Any CPU
		{A9507E04-5673-46C1-844E-1761D08D2E98}.Debug|Any CPU.Build.0 = Debug|Any CPU
		{A9507E04-5673-46C1-844E-1761D08D2E98}.Release|Any CPU.ActiveCfg = Release|Any CPU
		{A9507E04-5673-46C1-844E-1761D08D2E98}.Release|Any CPU.Build.0 = Release|Any CPU
		{D1B2B5B4-8A51-423F-BB0C-E8AF1F20D9F4}.Debug|Any CPU.ActiveCfg = Debug|Any CPU
		{D1B2B5B4-8A51-423F-BB0C-E8AF1F20D9F4}.Debug|Any CPU.Build.0 = Debug|Any CPU
		{D1B2B5B4-8A51-423F-BB0C-E8AF1F20D9F4}.Release|Any CPU.ActiveCfg = Release|Any CPU
		{D1B2B5B4-8A51-423F-BB0C-E8AF1F20D9F4}.Release|Any CPU.Build.0 = Release|Any CPU
		{AB27FB5E-9A64-4A3D-92AB-430654B0CCC0}.Debug|Any CPU.ActiveCfg = Debug|Any CPU
		{AB27FB5E-9A64-4A3D-92AB-430654B0CCC0}.Debug|Any CPU.Build.0 = Debug|Any CPU
		{AB27FB5E-9A64-4A3D-92AB-430654B0CCC0}.Release|Any CPU.ActiveCfg = Release|Any CPU
		{AB27FB5E-9A64-4A3D-92AB-430654B0CCC0}.Release|Any CPU.Build.0 = Release|Any CPU
		{BF146603-ECF7-4247-82A5-DD28FB63F3F3}.Debug|Any CPU.ActiveCfg = Debug|Any CPU
		{BF146603-ECF7-4247-82A5-DD28FB63F3F3}.Debug|Any CPU.Build.0 = Debug|Any CPU
		{BF146603-ECF7-4247-82A5-DD28FB63F3F3}.Release|Any CPU.ActiveCfg = Release|Any CPU
		{BF146603-ECF7-4247-82A5-DD28FB63F3F3}.Release|Any CPU.Build.0 = Release|Any CPU
		{46B26640-4682-429A-90B4-87ED87AE58FB}.Debug|Any CPU.ActiveCfg = Debug|Any CPU
		{46B26640-4682-429A-90B4-87ED87AE58FB}.Debug|Any CPU.Build.0 = Debug|Any CPU
		{46B26640-4682-429A-90B4-87ED87AE58FB}.Release|Any CPU.ActiveCfg = Release|Any CPU
		{46B26640-4682-429A-90B4-87ED87AE58FB}.Release|Any CPU.Build.0 = Release|Any CPU
		{15571AF8-87F0-4622-A5FA-722CDFEBE20A}.Debug|Any CPU.ActiveCfg = Debug|Any CPU
		{15571AF8-87F0-4622-A5FA-722CDFEBE20A}.Debug|Any CPU.Build.0 = Debug|Any CPU
		{15571AF8-87F0-4622-A5FA-722CDFEBE20A}.Release|Any CPU.ActiveCfg = Release|Any CPU
		{15571AF8-87F0-4622-A5FA-722CDFEBE20A}.Release|Any CPU.Build.0 = Release|Any CPU
	EndGlobalSection
	GlobalSection(SolutionProperties) = preSolution
		HideSolutionNode = FALSE
	EndGlobalSection
EndGlobal
